{
  "name": "rajatg.in",
  "version": "1.0.0",
  "lockfileVersion": 3,
  "requires": true,
  "packages": {
    "": {
      "name": "rajatg.in",
      "version": "1.0.0",
      "license": "ISC",
      "dependencies": {
        "@hackernoon/pixel-icon-library": "^1.1.0"
      }
    },
    "node_modules/@hackernoon/pixel-icon-library": {
      "version": "1.1.0",
      "resolved": "https://registry.npmjs.org/@hackernoon/pixel-icon-library/-/pixel-icon-library-1.1.0.tgz",
      "integrity": "sha512-VEdDskTYRc37quKh3LFt65nMtriJlxuov/ifOmlomAyfK2hty4IPdL6IIXNvATOaQwZYjlfyxJTCGO+JgWbgIw==",
      "license": "MIT"
    }
  }
}
